
Microsoft Visual Studio Solution File, Format Version 12.00
# Visual Studio Version 17
VisualStudioVersion = 17.11.35327.3
MinimumVisualStudioVersion = 10.0.40219.1
Project("{FAE04EC0-301F-11D3-BF4B-00C04F79EFBC}") = "oraimunka3", "oraimunka3.csproj", "{8C3BEC21-EC63-4CD2-98DE-EB1DE3D8BB58}"
EndProject
Global
	GlobalSection(SolutionConfigurationPlatforms) = preSolution
		Debug|Any CPU = Debug|Any CPU
		Release|Any CPU = Release|Any CPU
	EndGlobalSection
	GlobalSection(ProjectConfigurationPlatforms) = postSolution
		{8C3BEC21-EC63-4CD2-98DE-EB1DE3D8BB58}.Debug|Any CPU.ActiveCfg = Debug|Any CPU
		{8C3BEC21-EC63-4CD2-98DE-EB1DE3D8BB58}.Debug|Any CPU.Build.0 = Debug|Any CPU
		{8C3BEC21-EC63-4CD2-98DE-EB1DE3D8BB58}.Release|Any CPU.ActiveCfg = Release|Any CPU
		{8C3BEC21-EC63-4CD2-98DE-EB1DE3D8BB58}.Release|Any CPU.Build.0 = Release|Any CPU
	EndGlobalSection
	GlobalSection(SolutionProperties) = preSolution
		HideSolutionNode = FALSE
	EndGlobalSection
	GlobalSection(ExtensibilityGlobals) = postSolution
		SolutionGuid = {F4175380-232A-4518-954A-1AF9B5C576B2}
	EndGlobalSection
EndGlobal
